
Microsoft Visual Studio Solution File, Format Version 12.00
# Visual Studio 14
VisualStudioVersion = 14.0.25420.1
MinimumVisualStudioVersion = 10.0.40219.1
Project("{FAE04EC0-301F-11D3-BF4B-00C04F79EFBC}") = "UsefulProjects3", "UsefulProjects3\UsefulProjects3.csproj", "{AA5CFC23-E2C1-4697-A787-D2540D9EF032}"
EndProject
Project("{FAE04EC0-301F-11D3-BF4B-00C04F79EFBC}") = "refAndOutKeyword", "refAndOutKeyword\refAndOutKeyword.csproj", "{2FE4FAFA-5855-443D-A26C-4EC62858800F}"
EndProject
Project("{FAE04EC0-301F-11D3-BF4B-00C04F79EFBC}") = "WebApiDemo", "WebApiDemo\WebApiDemo.csproj", "{F817494F-F818-4AD4-8532-91B0B2F420DA}"
EndProject
Project("{8BB2217D-0F2D-49D1-97BC-3654ED321F3B}") = "ObjectIntializationDemo", "ObjectIntializationDemo\ObjectIntializationDemo.xproj", "{6BFDC964-DFBC-4B02-BCB7-33543C587376}"
EndProject
Project("{8BB2217D-0F2D-49D1-97BC-3654ED321F3B}") = "InstantiatingRelatedObjects", "InstantiatingRelatedObjects\InstantiatingRelatedObjects.xproj", "{94AD5E7E-401B-438D-B767-D8D0A8A0668D}"
EndProject
Project("{8BB2217D-0F2D-49D1-97BC-3654ED321F3B}") = "GetTypeVsTypeOfDemo", "GetTypeVsTypeOfDemo\GetTypeVsTypeOfDemo.xproj", "{44054FCE-7015-4176-B34D-FBBD9FA16DBB}"
EndProject
Project("{FAE04EC0-301F-11D3-BF4B-00C04F79EFBC}") = "SerializeAndDeserializeJson", "SerializeAndDeserializeJson\SerializeAndDeserializeJson.csproj", "{D4C3E290-0D5D-4475-B1F5-BCC1AE3E2864}"
EndProject
Project("{FAE04EC0-301F-11D3-BF4B-00C04F79EFBC}") = "ThreadDemo", "ThreadDemo\ThreadDemo.csproj", "{0B3A1F23-9738-4C58-A4D1-DB95C0E764BA}"
EndProject
Project("{FAE04EC0-301F-11D3-BF4B-00C04F79EFBC}") = "ThreadOnInstanceMethod", "ThreadOnInstanceMethod\ThreadOnInstanceMethod.csproj", "{5AC33069-2857-4211-9606-B4E73DF296D3}"
EndProject
Project("{FAE04EC0-301F-11D3-BF4B-00C04F79EFBC}") = "ThreadPool", "ThreadPool\ThreadPool.csproj", "{E0008966-590E-4B46-8A9A-B3B1EBC0DE3C}"
EndProject
Project("{FAE04EC0-301F-11D3-BF4B-00C04F79EFBC}") = "AsyncAndAwaitDemo", "AsyncAndAwaitDemo\AsyncAndAwaitDemo.csproj", "{9D4F6733-0E2E-44C1-B445-33FFBE846554}"
EndProject
Project("{FAE04EC0-301F-11D3-BF4B-00C04F79EFBC}") = "AsyncInDotNet", "AsyncInDotNet\AsyncInDotNet.csproj", "{6F3DF6AC-D93E-40FC-8D95-026B693854E9}"
EndProject
Project("{FAE04EC0-301F-11D3-BF4B-00C04F79EFBC}") = "AyncInDotnet", "AyncInDotnet\AyncInDotnet.csproj", "{3AD54920-2480-41AB-BDAB-0C2641678D6B}"
EndProject
Project("{FAE04EC0-301F-11D3-BF4B-00C04F79EFBC}") = "LamdasWithLinq", "LamdasDelegateDemo\LamdasWithLinq.csproj", "{04E86640-6298-44FE-B903-06A9E66B2F9D}"
EndProject
Project("{FAE04EC0-301F-11D3-BF4B-00C04F79EFBC}") = "TryParseDateTimeOffsetDemo", "TryParseDateTimeOffsetDemo\TryParseDateTimeOffsetDemo.csproj", "{50A9BF17-B6A9-408B-84A5-EAA4FDDC3847}"
EndProject
Project("{FAE04EC0-301F-11D3-BF4B-00C04F79EFBC}") = "GetterSetter", "GetterSetter\GetterSetter.csproj", "{B8AA70E5-C1CB-4C31-B4A4-C2A8BB1A7674}"
EndProject
Global
	GlobalSection(SolutionConfigurationPlatforms) = preSolution
		Debug|Any CPU = Debug|Any CPU
		Release|Any CPU = Release|Any CPU
	EndGlobalSection
	GlobalSection(ProjectConfigurationPlatforms) = postSolution
		{AA5CFC23-E2C1-4697-A787-D2540D9EF032}.Debug|Any CPU.ActiveCfg = Debug|Any CPU
		{AA5CFC23-E2C1-4697-A787-D2540D9EF032}.Debug|Any CPU.Build.0 = Debug|Any CPU
		{AA5CFC23-E2C1-4697-A787-D2540D9EF032}.Release|Any CPU.ActiveCfg = Release|Any CPU
		{AA5CFC23-E2C1-4697-A787-D2540D9EF032}.Release|Any CPU.Build.0 = Release|Any CPU
		{2FE4FAFA-5855-443D-A26C-4EC62858800F}.Debug|Any CPU.ActiveCfg = Debug|Any CPU
		{2FE4FAFA-5855-443D-A26C-4EC62858800F}.Debug|Any CPU.Build.0 = Debug|Any CPU
		{2FE4FAFA-5855-443D-A26C-4EC62858800F}.Release|Any CPU.ActiveCfg = Release|Any CPU
		{2FE4FAFA-5855-443D-A26C-4EC62858800F}.Release|Any CPU.Build.0 = Release|Any CPU
		{F817494F-F818-4AD4-8532-91B0B2F420DA}.Debug|Any CPU.ActiveCfg = Debug|Any CPU
		{F817494F-F818-4AD4-8532-91B0B2F420DA}.Debug|Any CPU.Build.0 = Debug|Any CPU
		{F817494F-F818-4AD4-8532-91B0B2F420DA}.Release|Any CPU.ActiveCfg = Release|Any CPU
		{F817494F-F818-4AD4-8532-91B0B2F420DA}.Release|Any CPU.Build.0 = Release|Any CPU
		{6BFDC964-DFBC-4B02-BCB7-33543C587376}.Debug|Any CPU.ActiveCfg = Debug|Any CPU
		{6BFDC964-DFBC-4B02-BCB7-33543C587376}.Debug|Any CPU.Build.0 = Debug|Any CPU
		{6BFDC964-DFBC-4B02-BCB7-33543C587376}.Release|Any CPU.ActiveCfg = Release|Any CPU
		{6BFDC964-DFBC-4B02-BCB7-33543C587376}.Release|Any CPU.Build.0 = Release|Any CPU
		{94AD5E7E-401B-438D-B767-D8D0A8A0668D}.Debug|Any CPU.ActiveCfg = Debug|Any CPU
		{94AD5E7E-401B-438D-B767-D8D0A8A0668D}.Debug|Any CPU.Build.0 = Debug|Any CPU
		{94AD5E7E-401B-438D-B767-D8D0A8A0668D}.Release|Any CPU.ActiveCfg = Release|Any CPU
		{94AD5E7E-401B-438D-B767-D8D0A8A0668D}.Release|Any CPU.Build.0 = Release|Any CPU
		{44054FCE-7015-4176-B34D-FBBD9FA16DBB}.Debug|Any CPU.ActiveCfg = Debug|Any CPU
		{44054FCE-7015-4176-B34D-FBBD9FA16DBB}.Debug|Any CPU.Build.0 = Debug|Any CPU
		{44054FCE-7015-4176-B34D-FBBD9FA16DBB}.Release|Any CPU.ActiveCfg = Release|Any CPU
		{44054FCE-7015-4176-B34D-FBBD9FA16DBB}.Release|Any CPU.Build.0 = Release|Any CPU
		{D4C3E290-0D5D-4475-B1F5-BCC1AE3E2864}.Debug|Any CPU.ActiveCfg = Debug|Any CPU
		{D4C3E290-0D5D-4475-B1F5-BCC1AE3E2864}.Debug|Any CPU.Build.0 = Debug|Any CPU
		{D4C3E290-0D5D-4475-B1F5-BCC1AE3E2864}.Release|Any CPU.ActiveCfg = Release|Any CPU
		{D4C3E290-0D5D-4475-B1F5-BCC1AE3E2864}.Release|Any CPU.Build.0 = Release|Any CPU
		{0B3A1F23-9738-4C58-A4D1-DB95C0E764BA}.Debug|Any CPU.ActiveCfg = Debug|Any CPU
		{0B3A1F23-9738-4C58-A4D1-DB95C0E764BA}.Debug|Any CPU.Build.0 = Debug|Any CPU
		{0B3A1F23-9738-4C58-A4D1-DB95C0E764BA}.Release|Any CPU.ActiveCfg = Release|Any CPU
		{0B3A1F23-9738-4C58-A4D1-DB95C0E764BA}.Release|Any CPU.Build.0 = Release|Any CPU
		{5AC33069-2857-4211-9606-B4E73DF296D3}.Debug|Any CPU.ActiveCfg = Debug|Any CPU
		{5AC33069-2857-4211-9606-B4E73DF296D3}.Debug|Any CPU.Build.0 = Debug|Any CPU
		{5AC33069-2857-4211-9606-B4E73DF296D3}.Release|Any CPU.ActiveCfg = Release|Any CPU
		{5AC33069-2857-4211-9606-B4E73DF296D3}.Release|Any CPU.Build.0 = Release|Any CPU
		{E0008966-590E-4B46-8A9A-B3B1EBC0DE3C}.Debug|Any CPU.ActiveCfg = Debug|Any CPU
		{E0008966-590E-4B46-8A9A-B3B1EBC0DE3C}.Debug|Any CPU.Build.0 = Debug|Any CPU
		{E0008966-590E-4B46-8A9A-B3B1EBC0DE3C}.Release|Any CPU.ActiveCfg = Release|Any CPU
		{E0008966-590E-4B46-8A9A-B3B1EBC0DE3C}.Release|Any CPU.Build.0 = Release|Any CPU
		{9D4F6733-0E2E-44C1-B445-33FFBE846554}.Debug|Any CPU.ActiveCfg = Debug|Any CPU
		{9D4F6733-0E2E-44C1-B445-33FFBE846554}.Debug|Any CPU.Build.0 = Debug|Any CPU
		{9D4F6733-0E2E-44C1-B445-33FFBE846554}.Release|Any CPU.ActiveCfg = Release|Any CPU
		{9D4F6733-0E2E-44C1-B445-33FFBE846554}.Release|Any CPU.Build.0 = Release|Any CPU
		{6F3DF6AC-D93E-40FC-8D95-026B693854E9}.Debug|Any CPU.ActiveCfg = Debug|Any CPU
		{6F3DF6AC-D93E-40FC-8D95-026B693854E9}.Debug|Any CPU.Build.0 = Debug|Any CPU
		{6F3DF6AC-D93E-40FC-8D95-026B693854E9}.Release|Any CPU.ActiveCfg = Release|Any CPU
		{6F3DF6AC-D93E-40FC-8D95-026B693854E9}.Release|Any CPU.Build.0 = Release|Any CPU
		{3AD54920-2480-41AB-BDAB-0C2641678D6B}.Debug|Any CPU.ActiveCfg = Debug|Any CPU
		{3AD54920-2480-41AB-BDAB-0C2641678D6B}.Debug|Any CPU.Build.0 = Debug|Any CPU
		{3AD54920-2480-41AB-BDAB-0C2641678D6B}.Release|Any CPU.ActiveCfg = Release|Any CPU
		{3AD54920-2480-41AB-BDAB-0C2641678D6B}.Release|Any CPU.Build.0 = Release|Any CPU
		{04E86640-6298-44FE-B903-06A9E66B2F9D}.Debug|Any CPU.ActiveCfg = Debug|Any CPU
		{04E86640-6298-44FE-B903-06A9E66B2F9D}.Debug|Any CPU.Build.0 = Debug|Any CPU
		{04E86640-6298-44FE-B903-06A9E66B2F9D}.Release|Any CPU.ActiveCfg = Release|Any CPU
		{04E86640-6298-44FE-B903-06A9E66B2F9D}.Release|Any CPU.Build.0 = Release|Any CPU
		{50A9BF17-B6A9-408B-84A5-EAA4FDDC3847}.Debug|Any CPU.ActiveCfg = Debug|Any CPU
		{50A9BF17-B6A9-408B-84A5-EAA4FDDC3847}.Debug|Any CPU.Build.0 = Debug|Any CPU
		{50A9BF17-B6A9-408B-84A5-EAA4FDDC3847}.Release|Any CPU.ActiveCfg = Release|Any CPU
		{50A9BF17-B6A9-408B-84A5-EAA4FDDC3847}.Release|Any CPU.Build.0 = Release|Any CPU
		{B8AA70E5-C1CB-4C31-B4A4-C2A8BB1A7674}.Debug|Any CPU.ActiveCfg = Debug|Any CPU
		{B8AA70E5-C1CB-4C31-B4A4-C2A8BB1A7674}.Debug|Any CPU.Build.0 = Debug|Any CPU
		{B8AA70E5-C1CB-4C31-B4A4-C2A8BB1A7674}.Release|Any CPU.ActiveCfg = Release|Any CPU
		{B8AA70E5-C1CB-4C31-B4A4-C2A8BB1A7674}.Release|Any CPU.Build.0 = Release|Any CPU
	EndGlobalSection
	GlobalSection(SolutionProperties) = preSolution
		HideSolutionNode = FALSE
	EndGlobalSection
EndGlobal
